# THIS IS AN AUTOGENERATED FILE. DO NOT EDIT THIS FILE DIRECTLY.
# yarn lockfile v1


"@babel/runtime@^7.10.2", "@babel/runtime@^7.13.10":
  version "7.23.8"
  resolved "https://registry.yarnpkg.com/@babel/runtime/-/runtime-7.23.8.tgz#8ee6fe1ac47add7122902f257b8ddf55c898f650"
  integrity sha512-Y7KbAP984rn1VGMbGqKmBLio9V7y5Je9GvU4rQPCPinCyNfUcToxIXl06d59URp/F3LwinvODxab5N/G6qggkw==
  dependencies:
    regenerator-runtime "^0.14.0"

"@floating-ui/core@^1.5.3":
  version "1.5.3"
  resolved "https://registry.yarnpkg.com/@floating-ui/core/-/core-1.5.3.tgz#b6aa0827708d70971c8679a16cf680a515b8a52a"
  integrity sha512-O0WKDOo0yhJuugCx6trZQj5jVJ9yR0ystG2JaNAemYUWce+pmM6WUEFIibnWyEJKdrDxhm75NoSRME35FNaM/Q==
  dependencies:
    "@floating-ui/utils" "^0.2.0"

"@floating-ui/dom@^1.2.1":
  version "1.5.4"
  resolved "https://registry.yarnpkg.com/@floating-ui/dom/-/dom-1.5.4.tgz#28df1e1cb373884224a463235c218dcbd81a16bb"
  integrity sha512-jByEsHIY+eEdCjnTVu+E3ephzTOzkQ8hgUfGwos+bg7NlH33Zc5uO+QHz1mrQUOgIKKDD1RtS201P9NvAfq3XQ==
  dependencies:
    "@floating-ui/core" "^1.5.3"
    "@floating-ui/utils" "^0.2.0"

"@floating-ui/react-dom@^1.3.0":
  version "1.3.0"
  resolved "https://registry.yarnpkg.com/@floating-ui/react-dom/-/react-dom-1.3.0.tgz#4d35d416eb19811c2b0e9271100a6aa18c1579b3"
  integrity sha512-htwHm67Ji5E/pROEAr7f8IKFShuiCKHwUC/UY4vC3I5jiSvGFAYnSYiZO5MlGmads+QqvUkR9ANHEguGrDv72g==
  dependencies:
    "@floating-ui/dom" "^1.2.1"

"@floating-ui/react@^0.19.1":
  version "0.19.2"
  resolved "https://registry.yarnpkg.com/@floating-ui/react/-/react-0.19.2.tgz#c6e4d2097ed0dca665a7c042ddf9cdecc95e9412"
  integrity sha512-JyNk4A0Ezirq8FlXECvRtQOX/iBe5Ize0W/pLkrZjfHW9GUV7Xnq6zm6fyZuQzaHHqEnVizmvlA96e1/CkZv+w==
  dependencies:
    "@floating-ui/react-dom" "^1.3.0"
    aria-hidden "^1.1.3"
    tabbable "^6.0.1"

"@floating-ui/utils@^0.2.0":
  version "0.2.1"
  resolved "https://registry.yarnpkg.com/@floating-ui/utils/-/utils-0.2.1.tgz#16308cea045f0fc777b6ff20a9f25474dd8293d2"
  integrity sha512-9TANp6GPoMtYzQdt54kfAyMmz1+osLlXdg2ENroU7zzrtflTLrrC/lgrIfaSe+Wu0b89GKccT7vxXA0MoAIO+Q==

"@mantine/core@^7.0.0-alpha.2":
  version "7.0.0-alpha.2"
  resolved "https://registry.yarnpkg.com/@mantine/core/-/core-7.0.0-alpha.2.tgz#e473447d9031fa729a6f112bf51cc03e6ba4812f"
  integrity sha512-C/Top5a/QI2eyF32927MimTY6sF17rNKvKPwaMcRtVn51ikzUnW89GgfhXSN/D75jUC0DjWtCzoQ0GfhtDATaA==
  dependencies:
    "@floating-ui/react" "^0.19.1"
    "@radix-ui/react-scroll-area" "1.0.2"
    clsx "1.1.1"
    react-remove-scroll "^2.5.5"
    react-textarea-autosize "8.3.4"
    type-fest "^3.6.1"

"@mantine/dates@6.0.16":
  version "6.0.16"
  resolved "https://registry.yarnpkg.com/@mantine/dates/-/dates-6.0.16.tgz#d0b01920f66bcb519a12e73b6aa1f4d6fdc338d5"
  integrity sha512-vYtdY6LM0dcL3DpEOu0m3Xj1Q3ndPO0+gPJFwcOl5dRMl9YfDo+Y/cFN3UF67ybKfsNTSN4QtGb30G0F0gP56g==
  dependencies:
    "@mantine/utils" "6.0.16"

"@mantine/form@6.0.16":
  version "6.0.16"
  resolved "https://registry.yarnpkg.com/@mantine/form/-/form-6.0.16.tgz#c6b7064a87df17dad82101a71ebe96ccd37e686f"
  integrity sha512-4TwxJKGQQRx7rj5yb9WgS0z/Ud8ckg0mMCiD3grKTxDCp0g8Tvk2Df7ptWFx2n+hxhBYVwMQSKggWuuDMFWBNA==
  dependencies:
    fast-deep-equal "^3.1.3"
    klona "^2.0.5"

"@mantine/hooks@6.0.16":
  version "6.0.16"
  resolved "https://registry.yarnpkg.com/@mantine/hooks/-/hooks-6.0.16.tgz#507c322347659424a915ec6b541d848f53abcf6a"
  integrity sha512-DnfMYSTSjYxbQJ80TzKHO5gRXGTIQKxBnRQVc+n4RANTwgWMiwEmxIwqRjbulfLzIhEvplskhqGgElunIAfw7g==

"@mantine/utils@6.0.16":
  version "6.0.16"
  resolved "https://registry.yarnpkg.com/@mantine/utils/-/utils-6.0.16.tgz#b39e47ef8fa4463322e9aa10cdd5980f4310b705"
  integrity sha512-UFel9DbifL3zS8pTJlr6GfwGd6464OWXCJdUq0oLydgimbC1VV2PnptBr6FMwIpPVcxouLOtY1cChzwFH95PSA==

"@radix-ui/number@1.0.0":
  version "1.0.0"
  resolved "https://registry.yarnpkg.com/@radix-ui/number/-/number-1.0.0.tgz#4c536161d0de750b3f5d55860fc3de46264f897b"
  integrity sha512-Ofwh/1HX69ZfJRiRBMTy7rgjAzHmwe4kW9C9Y99HTRUcYLUuVT0KESFj15rPjRgKJs20GPq8Bm5aEDJ8DuA3vA==
  dependencies:
    "@babel/runtime" "^7.13.10"

"@radix-ui/primitive@1.0.0":
  version "1.0.0"
  resolved "https://registry.yarnpkg.com/@radix-ui/primitive/-/primitive-1.0.0.tgz#e1d8ef30b10ea10e69c76e896f608d9276352253"
  integrity sha512-3e7rn8FDMin4CgeL7Z/49smCA3rFYY3Ha2rUQ7HRWFadS5iCRw08ZgVT1LaNTCNqgvrUiyczLflrVrF0SRQtNA==
  dependencies:
    "@babel/runtime" "^7.13.10"

"@radix-ui/react-compose-refs@1.0.0":
  version "1.0.0"
  resolved "https://registry.yarnpkg.com/@radix-ui/react-compose-refs/-/react-compose-refs-1.0.0.tgz#37595b1f16ec7f228d698590e78eeed18ff218ae"
  integrity sha512-0KaSv6sx787/hK3eF53iOkiSLwAGlFMx5lotrqD2pTjB18KbybKoEIgkNZTKC60YECDQTKGTRcDBILwZVqVKvA==
  dependencies:
    "@babel/runtime" "^7.13.10"

"@radix-ui/react-context@1.0.0":
  version "1.0.0"
  resolved "https://registry.yarnpkg.com/@radix-ui/react-context/-/react-context-1.0.0.tgz#f38e30c5859a9fb5e9aa9a9da452ee3ed9e0aee0"
  integrity sha512-1pVM9RfOQ+n/N5PJK33kRSKsr1glNxomxONs5c49MliinBY6Yw2Q995qfBUUo0/Mbg05B/sGA0gkgPI7kmSHBg==
  dependencies:
    "@babel/runtime" "^7.13.10"

"@radix-ui/react-direction@1.0.0":
  version "1.0.0"
  resolved "https://registry.yarnpkg.com/@radix-ui/react-direction/-/react-direction-1.0.0.tgz#a2e0b552352459ecf96342c79949dd833c1e6e45"
  integrity sha512-2HV05lGUgYcA6xgLQ4BKPDmtL+QbIZYH5fCOTAOOcJ5O0QbWS3i9lKaurLzliYUDhORI2Qr3pyjhJh44lKA3rQ==
  dependencies:
    "@babel/runtime" "^7.13.10"

"@radix-ui/react-presence@1.0.0":
  version "1.0.0"
  resolved "https://registry.yarnpkg.com/@radix-ui/react-presence/-/react-presence-1.0.0.tgz#814fe46df11f9a468808a6010e3f3ca7e0b2e84a"
  integrity sha512-A+6XEvN01NfVWiKu38ybawfHsBjWum42MRPnEuqPsBZ4eV7e/7K321B5VgYMPv3Xx5An6o1/l9ZuDBgmcmWK3w==
  dependencies:
    "@babel/runtime" "^7.13.10"
    "@radix-ui/react-compose-refs" "1.0.0"
    "@radix-ui/react-use-layout-effect" "1.0.0"

"@radix-ui/react-primitive@1.0.1":
  version "1.0.1"
  resolved "https://registry.yarnpkg.com/@radix-ui/react-primitive/-/react-primitive-1.0.1.tgz#c1ebcce283dd2f02e4fbefdaa49d1cb13dbc990a"
  integrity sha512-fHbmislWVkZaIdeF6GZxF0A/NH/3BjrGIYj+Ae6eTmTCr7EB0RQAAVEiqsXK6p3/JcRqVSBQoceZroj30Jj3XA==
  dependencies:
    "@babel/runtime" "^7.13.10"
    "@radix-ui/react-slot" "1.0.1"

"@radix-ui/react-scroll-area@1.0.2":
  version "1.0.2"
  resolved "https://registry.yarnpkg.com/@radix-ui/react-scroll-area/-/react-scroll-area-1.0.2.tgz#26c906d351b56835c0301126b24574c9e9c7b93b"
  integrity sha512-k8VseTxI26kcKJaX0HPwkvlNBPTs56JRdYzcZ/vzrNUkDlvXBy8sMc7WvCpYzZkHgb+hd72VW9MqkqecGtuNgg==
  dependencies:
    "@babel/runtime" "^7.13.10"
    "@radix-ui/number" "1.0.0"
    "@radix-ui/primitive" "1.0.0"
    "@radix-ui/react-compose-refs" "1.0.0"
    "@radix-ui/react-context" "1.0.0"
    "@radix-ui/react-direction" "1.0.0"
    "@radix-ui/react-presence" "1.0.0"
    "@radix-ui/react-primitive" "1.0.1"
    "@radix-ui/react-use-callback-ref" "1.0.0"
    "@radix-ui/react-use-layout-effect" "1.0.0"

"@radix-ui/react-slot@1.0.1":
  version "1.0.1"
  resolved "https://registry.yarnpkg.com/@radix-ui/react-slot/-/react-slot-1.0.1.tgz#e7868c669c974d649070e9ecbec0b367ee0b4d81"
  integrity sha512-avutXAFL1ehGvAXtPquu0YK5oz6ctS474iM3vNGQIkswrVhdrS52e3uoMQBzZhNRAIE0jBnUyXWNmSjGHhCFcw==
  dependencies:
    "@babel/runtime" "^7.13.10"
    "@radix-ui/react-compose-refs" "1.0.0"

"@radix-ui/react-use-callback-ref@1.0.0":
  version "1.0.0"
  resolved "https://registry.yarnpkg.com/@radix-ui/react-use-callback-ref/-/react-use-callback-ref-1.0.0.tgz#9e7b8b6b4946fe3cbe8f748c82a2cce54e7b6a90"
  integrity sha512-GZtyzoHz95Rhs6S63D2t/eqvdFCm7I+yHMLVQheKM7nBD8mbZIt+ct1jz4536MDnaOGKIxynJ8eHTkVGVVkoTg==
  dependencies:
    "@babel/runtime" "^7.13.10"

"@radix-ui/react-use-layout-effect@1.0.0":
  version "1.0.0"
  resolved "https://registry.yarnpkg.com/@radix-ui/react-use-layout-effect/-/react-use-layout-effect-1.0.0.tgz#2fc19e97223a81de64cd3ba1dc42ceffd82374dc"
  integrity sha512-6Tpkq+R6LOlmQb1R5NNETLG0B4YP0wc+klfXafpUCj6JGyaUc8il7/kUZ7m59rGbXGczE9Bs+iz2qloqsZBduQ==
  dependencies:
    "@babel/runtime" "^7.13.10"

aria-hidden@^1.1.3:
  version "1.2.3"
  resolved "https://registry.yarnpkg.com/aria-hidden/-/aria-hidden-1.2.3.tgz#14aeb7fb692bbb72d69bebfa47279c1fd725e954"
  integrity sha512-xcLxITLe2HYa1cnYnwCjkOO1PqUHQpozB8x9AR0OgWN2woOBi5kSDVxKfd0b7sb1hw5qFeJhXm9H1nu3xSfLeQ==
  dependencies:
    tslib "^2.0.0"

clsx@1.1.1:
  version "1.1.1"
  resolved "https://registry.yarnpkg.com/clsx/-/clsx-1.1.1.tgz#98b3134f9abbdf23b2663491ace13c5c03a73188"
  integrity sha512-6/bPho624p3S2pMyvP5kKBPXnI3ufHLObBFCfgx+LkeR5lg2XYy2hqZqUf45ypD8COn2bhgGJSUE+l5dhNBieA==

detect-node-es@^1.1.0:
  version "1.1.0"
  resolved "https://registry.yarnpkg.com/detect-node-es/-/detect-node-es-1.1.0.tgz#163acdf643330caa0b4cd7c21e7ee7755d6fa493"
  integrity sha512-ypdmJU/TbBby2Dxibuv7ZLW3Bs1QEmM7nHjEANfohJLvE0XVujisn1qPJcZxg+qDucsr+bP6fLD1rPS3AhJ7EQ==

fast-deep-equal@^3.1.3:
  version "3.1.3"
  resolved "https://registry.yarnpkg.com/fast-deep-equal/-/fast-deep-equal-3.1.3.tgz#3a7d56b559d6cbc3eb512325244e619a65c6c525"
  integrity sha512-f3qQ9oQy9j2AhBe/H9VC91wLmKBCCU/gDOnKNAYG5hswO7BLKj09Hc5HYNz9cGI++xlpDCIgDaitVs03ATR84Q==

get-nonce@^1.0.0:
  version "1.0.1"
  resolved "https://registry.yarnpkg.com/get-nonce/-/get-nonce-1.0.1.tgz#fdf3f0278073820d2ce9426c18f07481b1e0cdf3"
  integrity sha512-FJhYRoDaiatfEkUK8HKlicmu/3SGFD51q3itKDGoSTysQJBnfOcxU5GxnhE1E6soB76MbT0MBtnKJuXyAx+96Q==

invariant@^2.2.4:
  version "2.2.4"
  resolved "https://registry.yarnpkg.com/invariant/-/invariant-2.2.4.tgz#610f3c92c9359ce1db616e538008d23ff35158e6"
  integrity sha512-phJfQVBuaJM5raOpJjSfkiD6BpbCE4Ns//LaXl6wGYtUBY83nWS6Rf9tXm2e8VaK60JEjYldbPif/A2B1C2gNA==
  dependencies:
    loose-envify "^1.0.0"

"js-tokens@^3.0.0 || ^4.0.0":
  version "4.0.0"
  resolved "https://registry.yarnpkg.com/js-tokens/-/js-tokens-4.0.0.tgz#19203fb59991df98e3a287050d4647cdeaf32499"
  integrity sha512-RdJUflcE3cUzKiMqQgsCu06FPu9UdIJO0beYbPhHN4k6apgJtifcoCtT9bcxOpYBtpD2kCM6Sbzg4CausW/PKQ==

klona@^2.0.5:
  version "2.0.6"
  resolved "https://registry.yarnpkg.com/klona/-/klona-2.0.6.tgz#85bffbf819c03b2f53270412420a4555ef882e22"
  integrity sha512-dhG34DXATL5hSxJbIexCft8FChFXtmskoZYnoPWjXQuebWYCNkVeV3KkGegCK9CP1oswI/vQibS2GY7Em/sJJA==

loose-envify@^1.0.0:
  version "1.4.0"
  resolved "https://registry.yarnpkg.com/loose-envify/-/loose-envify-1.4.0.tgz#71ee51fa7be4caec1a63839f7e682d8132d30caf"
  integrity sha512-lyuxPGr/Wfhrlem2CL/UcnUc1zcqKAImBDzukY7Y5F/yQiNdko6+fRLevlw1HgMySw7f611UIY408EtxRSoK3Q==
  dependencies:
    js-tokens "^3.0.0 || ^4.0.0"

react-remove-scroll-bar@^2.3.4:
  version "2.3.4"
  resolved "https://registry.yarnpkg.com/react-remove-scroll-bar/-/react-remove-scroll-bar-2.3.4.tgz#53e272d7a5cb8242990c7f144c44d8bd8ab5afd9"
  integrity sha512-63C4YQBUt0m6ALadE9XV56hV8BgJWDmmTPY758iIJjfQKt2nYwoUrPk0LXRXcB/yIj82T1/Ixfdpdk68LwIB0A==
  dependencies:
    react-style-singleton "^2.2.1"
    tslib "^2.0.0"

react-remove-scroll@^2.5.5:
  version "2.5.7"
  resolved "https://registry.yarnpkg.com/react-remove-scroll/-/react-remove-scroll-2.5.7.tgz#15a1fd038e8497f65a695bf26a4a57970cac1ccb"
  integrity sha512-FnrTWO4L7/Bhhf3CYBNArEG/yROV0tKmTv7/3h9QCFvH6sndeFf1wPqOcbFVu5VAulS5dV1wGT3GZZ/1GawqiA==
  dependencies:
    react-remove-scroll-bar "^2.3.4"
    react-style-singleton "^2.2.1"
    tslib "^2.1.0"
    use-callback-ref "^1.3.0"
    use-sidecar "^1.1.2"

react-style-singleton@^2.2.1:
  version "2.2.1"
  resolved "https://registry.yarnpkg.com/react-style-singleton/-/react-style-singleton-2.2.1.tgz#f99e420492b2d8f34d38308ff660b60d0b1205b4"
  integrity sha512-ZWj0fHEMyWkHzKYUr2Bs/4zU6XLmq9HsgBURm7g5pAVfyn49DgUiNgY2d4lXRlYSiCif9YBGpQleewkcqddc7g==
  dependencies:
    get-nonce "^1.0.0"
    invariant "^2.2.4"
    tslib "^2.0.0"

react-textarea-autosize@8.3.4:
  version "8.3.4"
  resolved "https://registry.yarnpkg.com/react-textarea-autosize/-/react-textarea-autosize-8.3.4.tgz#270a343de7ad350534141b02c9cb78903e553524"
  integrity sha512-CdtmP8Dc19xL8/R6sWvtknD/eCXkQr30dtvC4VmGInhRsfF8X/ihXCq6+9l9qbxmKRiq407/7z5fxE7cVWQNgQ==
  dependencies:
    "@babel/runtime" "^7.10.2"
    use-composed-ref "^1.3.0"
    use-latest "^1.2.1"

regenerator-runtime@^0.14.0:
  version "0.14.1"
  resolved "https://registry.yarnpkg.com/regenerator-runtime/-/regenerator-runtime-0.14.1.tgz#356ade10263f685dda125100cd862c1db895327f"
  integrity sha512-dYnhHh0nJoMfnkZs6GmmhFknAGRrLznOu5nc9ML+EJxGvrx6H7teuevqVqCuPcPK//3eDrrjQhehXVx9cnkGdw==

tabbable@^6.0.1:
  version "6.2.0"
  resolved "https://registry.yarnpkg.com/tabbable/-/tabbable-6.2.0.tgz#732fb62bc0175cfcec257330be187dcfba1f3b97"
  integrity sha512-Cat63mxsVJlzYvN51JmVXIgNoUokrIaT2zLclCXjRd8boZ0004U4KCs/sToJ75C6sdlByWxpYnb5Boif1VSFew==

tslib@^2.0.0, tslib@^2.1.0:
  version "2.6.2"
  resolved "https://registry.yarnpkg.com/tslib/-/tslib-2.6.2.tgz#703ac29425e7b37cd6fd456e92404d46d1f3e4ae"
  integrity sha512-AEYxH93jGFPn/a2iVAwW87VuUIkR1FVUKB77NwMF7nBTDkDrrT/Hpt/IrCJ0QXhW27jTBDcf5ZY7w6RiqTMw2Q==

type-fest@^3.6.1:
  version "3.13.1"
  resolved "https://registry.yarnpkg.com/type-fest/-/type-fest-3.13.1.tgz#bb744c1f0678bea7543a2d1ec24e83e68e8c8706"
  integrity sha512-tLq3bSNx+xSpwvAJnzrK0Ep5CLNWjvFTOp71URMaAEWBfRb9nnJiBoUe0tF8bI4ZFO3omgBR6NvnbzVUT3Ly4g==

use-callback-ref@^1.3.0:
  version "1.3.1"
  resolved "https://registry.yarnpkg.com/use-callback-ref/-/use-callback-ref-1.3.1.tgz#9be64c3902cbd72b07fe55e56408ae3a26036fd0"
  integrity sha512-Lg4Vx1XZQauB42Hw3kK7JM6yjVjgFmFC5/Ab797s79aARomD2nEErc4mCgM8EZrARLmmbWpi5DGCadmK50DcAQ==
  dependencies:
    tslib "^2.0.0"

use-composed-ref@^1.3.0:
  version "1.3.0"
  resolved "https://registry.yarnpkg.com/use-composed-ref/-/use-composed-ref-1.3.0.tgz#3d8104db34b7b264030a9d916c5e94fbe280dbda"
  integrity sha512-GLMG0Jc/jiKov/3Ulid1wbv3r54K9HlMW29IWcDFPEqFkSO2nS0MuefWgMJpeHQ9YJeXDL3ZUF+P3jdXlZX/cQ==

use-isomorphic-layout-effect@^1.1.1:
  version "1.1.2"
  resolved "https://registry.yarnpkg.com/use-isomorphic-layout-effect/-/use-isomorphic-layout-effect-1.1.2.tgz#497cefb13d863d687b08477d9e5a164ad8c1a6fb"
  integrity sha512-49L8yCO3iGT/ZF9QttjwLF/ZD9Iwto5LnH5LmEdk/6cFmXddqi2ulF0edxTwjj+7mqvpVVGQWvbXZdn32wRSHA==

use-latest@^1.2.1:
  version "1.2.1"
  resolved "https://registry.yarnpkg.com/use-latest/-/use-latest-1.2.1.tgz#d13dfb4b08c28e3e33991546a2cee53e14038cf2"
  integrity sha512-xA+AVm/Wlg3e2P/JiItTziwS7FK92LWrDB0p+hgXloIMuVCeJJ8v6f0eeHyPZaJrM+usM1FkFfbNCrJGs8A/zw==
  dependencies:
    use-isomorphic-layout-effect "^1.1.1"

use-sidecar@^1.1.2:
  version "1.1.2"
  resolved "https://registry.yarnpkg.com/use-sidecar/-/use-sidecar-1.1.2.tgz#2f43126ba2d7d7e117aa5855e5d8f0276dfe73c2"
  integrity sha512-epTbsLuzZ7lPClpz2TyryBfztm7m+28DlEv2ZCQ3MDr5ssiwyOwGH/e5F9CkfWjJ1t4clvI58yF822/GUkjjhw==
  dependencies:
    detect-node-es "^1.1.0"
    tslib "^2.0.0"
